
Microsoft Visual Studio Solution File, Format Version 12.00
# Visual Studio Version 17
VisualStudioVersion = 17.6.33815.320
MinimumVisualStudioVersion = 10.0.40219.1
Project("{FAE04EC0-301F-11D3-BF4B-00C04F79EFBC}") = "WeatherForeCastAPP", "WeatherForeCastAPP\WeatherForeCastAPP.csproj", "{4BB96BA3-1DD6-4940-83FD-74EC599271F7}"
EndProject
Project("{FAE04EC0-301F-11D3-BF4B-00C04F79EFBC}") = "WeatherForecastBusiness", "WeatherForecastBusiness\WeatherForecastBusiness.csproj", "{6DC662BC-EE48-4AB5-AAAE-2CD1B0B60268}"
EndProject
Project("{FAE04EC0-301F-11D3-BF4B-00C04F79EFBC}") = "WeatherForecastData", "WeatherForecastData\WeatherForecastData.csproj", "{7043535C-E04B-4A72-8B80-86B93BD61241}"
EndProject
Global
	GlobalSection(SolutionConfigurationPlatforms) = preSolution
		Debug|Any CPU = Debug|Any CPU
		Release|Any CPU = Release|Any CPU
	EndGlobalSection
	GlobalSection(ProjectConfigurationPlatforms) = postSolution
		{4BB96BA3-1DD6-4940-83FD-74EC599271F7}.Debug|Any CPU.ActiveCfg = Debug|Any CPU
		{4BB96BA3-1DD6-4940-83FD-74EC599271F7}.Debug|Any CPU.Build.0 = Debug|Any CPU
		{4BB96BA3-1DD6-4940-83FD-74EC599271F7}.Release|Any CPU.ActiveCfg = Release|Any CPU
		{4BB96BA3-1DD6-4940-83FD-74EC599271F7}.Release|Any CPU.Build.0 = Release|Any CPU
		{6DC662BC-EE48-4AB5-AAAE-2CD1B0B60268}.Debug|Any CPU.ActiveCfg = Debug|Any CPU
		{6DC662BC-EE48-4AB5-AAAE-2CD1B0B60268}.Debug|Any CPU.Build.0 = Debug|Any CPU
		{6DC662BC-EE48-4AB5-AAAE-2CD1B0B60268}.Release|Any CPU.ActiveCfg = Release|Any CPU
		{6DC662BC-EE48-4AB5-AAAE-2CD1B0B60268}.Release|Any CPU.Build.0 = Release|Any CPU
		{7043535C-E04B-4A72-8B80-86B93BD61241}.Debug|Any CPU.ActiveCfg = Debug|Any CPU
		{7043535C-E04B-4A72-8B80-86B93BD61241}.Debug|Any CPU.Build.0 = Debug|Any CPU
		{7043535C-E04B-4A72-8B80-86B93BD61241}.Release|Any CPU.ActiveCfg = Release|Any CPU
		{7043535C-E04B-4A72-8B80-86B93BD61241}.Release|Any CPU.Build.0 = Release|Any CPU
	EndGlobalSection
	GlobalSection(SolutionProperties) = preSolution
		HideSolutionNode = FALSE
	EndGlobalSection
	GlobalSection(ExtensibilityGlobals) = postSolution
		SolutionGuid = {D5141C9C-204E-49B8-B80B-9B15C21C9F27}
	EndGlobalSection
EndGlobal
